
Microsoft Visual Studio Solution File, Format Version 12.00
# Visual Studio Version 17
VisualStudioVersion = 17.0.31903.59
MinimumVisualStudioVersion = 10.0.40219.1
Project("{2150E333-8FDC-42A3-9474-1A3956D46DE8}") = "src", "src", "{827E0CD3-B72D-47B6-A68D-7590B98EB39B}"
EndProject
Project("{FAE04EC0-301F-11D3-BF4B-00C04F79EFBC}") = "EcomShopping.Domain", "src\EcomShopping.Domain\EcomShopping.Domain.csproj", "{59DEE1A6-1B0E-428F-8C57-0F7512F51A39}"
EndProject
Project("{FAE04EC0-301F-11D3-BF4B-00C04F79EFBC}") = "EcomShopping.Application", "src\EcomShopping.Application\EcomShopping.Application.csproj", "{8CC938DA-0151-408C-BEE1-1C40EC3B4D26}"
EndProject
Project("{FAE04EC0-301F-11D3-BF4B-00C04F79EFBC}") = "EcomShopping.Infrastructure", "src\EcomShopping.Infrastructure\EcomShopping.Infrastructure.csproj", "{49ED5CF8-92D9-4776-B53C-33C18FF406A7}"
EndProject
Project("{FAE04EC0-301F-11D3-BF4B-00C04F79EFBC}") = "EcomShopping.API", "src\EcomShopping.API\EcomShopping.API.csproj", "{A7931B34-F2A2-40A4-9413-2BE5EC98A9F9}"
EndProject
Project("{FAE04EC0-301F-11D3-BF4B-00C04F79EFBC}") = "EcomShopping.Web", "src\EcomShopping.Web\EcomShopping.Web.csproj", "{1973F2D3-73D2-4B55-8341-4F925A5F89FF}"
EndProject
Project("{FAE04EC0-301F-11D3-BF4B-00C04F79EFBC}") = "EcomShopping.Integration.Abstractions", "src\EcomShopping.Integration.Abstractions\EcomShopping.Integration.Abstractions.csproj", "{99D7B2EF-70B0-4BEB-8BEB-33D1811606CA}"
EndProject
Project("{FAE04EC0-301F-11D3-BF4B-00C04F79EFBC}") = "EcomShopping.Integration.Core", "src\EcomShopping.Integration.Core\EcomShopping.Integration.Core.csproj", "{17658321-A36F-4CC9-9E43-84D568208BD4}"
EndProject
Project("{FAE04EC0-301F-11D3-BF4B-00C04F79EFBC}") = "EcomShopping.FileImport.Core", "src\EcomShopping.FileImport.Core\EcomShopping.FileImport.Core.csproj", "{E5BFC6B1-E101-4F03-9197-DF5E5723941C}"
EndProject
Project("{2150E333-8FDC-42A3-9474-1A3956D46DE8}") = "tests", "tests", "{0AB3BF05-4346-4AA6-1389-037BE0695223}"
EndProject
Project("{FAE04EC0-301F-11D3-BF4B-00C04F79EFBC}") = "EcomShopping.UnitTests", "tests\EcomShopping.UnitTests\EcomShopping.UnitTests.csproj", "{1C294705-0C48-4A9F-B5D7-9110D3595F55}"
EndProject
Project("{FAE04EC0-301F-11D3-BF4B-00C04F79EFBC}") = "EcomShopping.IntegrationTests", "tests\EcomShopping.IntegrationTests\EcomShopping.IntegrationTests.csproj", "{2364A8E5-56C1-4A84-9509-6D3BE6C7E482}"
EndProject
Global
	GlobalSection(SolutionConfigurationPlatforms) = preSolution
		Debug|Any CPU = Debug|Any CPU
		Debug|x64 = Debug|x64
		Debug|x86 = Debug|x86
		Release|Any CPU = Release|Any CPU
		Release|x64 = Release|x64
		Release|x86 = Release|x86
	EndGlobalSection
	GlobalSection(ProjectConfigurationPlatforms) = postSolution
		{59DEE1A6-1B0E-428F-8C57-0F7512F51A39}.Debug|Any CPU.ActiveCfg = Debug|Any CPU
		{59DEE1A6-1B0E-428F-8C57-0F7512F51A39}.Debug|Any CPU.Build.0 = Debug|Any CPU
		{59DEE1A6-1B0E-428F-8C57-0F7512F51A39}.Debug|x64.ActiveCfg = Debug|Any CPU
		{59DEE1A6-1B0E-428F-8C57-0F7512F51A39}.Debug|x64.Build.0 = Debug|Any CPU
		{59DEE1A6-1B0E-428F-8C57-0F7512F51A39}.Debug|x86.ActiveCfg = Debug|Any CPU
		{59DEE1A6-1B0E-428F-8C57-0F7512F51A39}.Debug|x86.Build.0 = Debug|Any CPU
		{59DEE1A6-1B0E-428F-8C57-0F7512F51A39}.Release|Any CPU.ActiveCfg = Release|Any CPU
		{59DEE1A6-1B0E-428F-8C57-0F7512F51A39}.Release|Any CPU.Build.0 = Release|Any CPU
		{59DEE1A6-1B0E-428F-8C57-0F7512F51A39}.Release|x64.ActiveCfg = Release|Any CPU
		{59DEE1A6-1B0E-428F-8C57-0F7512F51A39}.Release|x64.Build.0 = Release|Any CPU
		{59DEE1A6-1B0E-428F-8C57-0F7512F51A39}.Release|x86.ActiveCfg = Release|Any CPU
		{59DEE1A6-1B0E-428F-8C57-0F7512F51A39}.Release|x86.Build.0 = Release|Any CPU
		{8CC938DA-0151-408C-BEE1-1C40EC3B4D26}.Debug|Any CPU.ActiveCfg = Debug|Any CPU
		{8CC938DA-0151-408C-BEE1-1C40EC3B4D26}.Debug|Any CPU.Build.0 = Debug|Any CPU
		{8CC938DA-0151-408C-BEE1-1C40EC3B4D26}.Debug|x64.ActiveCfg = Debug|Any CPU
		{8CC938DA-0151-408C-BEE1-1C40EC3B4D26}.Debug|x64.Build.0 = Debug|Any CPU
		{8CC938DA-0151-408C-BEE1-1C40EC3B4D26}.Debug|x86.ActiveCfg = Debug|Any CPU
		{8CC938DA-0151-408C-BEE1-1C40EC3B4D26}.Debug|x86.Build.0 = Debug|Any CPU
		{8CC938DA-0151-408C-BEE1-1C40EC3B4D26}.Release|Any CPU.ActiveCfg = Release|Any CPU
		{8CC938DA-0151-408C-BEE1-1C40EC3B4D26}.Release|Any CPU.Build.0 = Release|Any CPU
		{8CC938DA-0151-408C-BEE1-1C40EC3B4D26}.Release|x64.ActiveCfg = Release|Any CPU
		{8CC938DA-0151-408C-BEE1-1C40EC3B4D26}.Release|x64.Build.0 = Release|Any CPU
		{8CC938DA-0151-408C-BEE1-1C40EC3B4D26}.Release|x86.ActiveCfg = Release|Any CPU
		{8CC938DA-0151-408C-BEE1-1C40EC3B4D26}.Release|x86.Build.0 = Release|Any CPU
		{49ED5CF8-92D9-4776-B53C-33C18FF406A7}.Debug|Any CPU.ActiveCfg = Debug|Any CPU
		{49ED5CF8-92D9-4776-B53C-33C18FF406A7}.Debug|Any CPU.Build.0 = Debug|Any CPU
		{49ED5CF8-92D9-4776-B53C-33C18FF406A7}.Debug|x64.ActiveCfg = Debug|Any CPU
		{49ED5CF8-92D9-4776-B53C-33C18FF406A7}.Debug|x64.Build.0 = Debug|Any CPU
		{49ED5CF8-92D9-4776-B53C-33C18FF406A7}.Debug|x86.ActiveCfg = Debug|Any CPU
		{49ED5CF8-92D9-4776-B53C-33C18FF406A7}.Debug|x86.Build.0 = Debug|Any CPU
		{49ED5CF8-92D9-4776-B53C-33C18FF406A7}.Release|Any CPU.ActiveCfg = Release|Any CPU
		{49ED5CF8-92D9-4776-B53C-33C18FF406A7}.Release|Any CPU.Build.0 = Release|Any CPU
		{49ED5CF8-92D9-4776-B53C-33C18FF406A7}.Release|x64.ActiveCfg = Release|Any CPU
		{49ED5CF8-92D9-4776-B53C-33C18FF406A7}.Release|x64.Build.0 = Release|Any CPU
		{49ED5CF8-92D9-4776-B53C-33C18FF406A7}.Release|x86.ActiveCfg = Release|Any CPU
		{49ED5CF8-92D9-4776-B53C-33C18FF406A7}.Release|x86.Build.0 = Release|Any CPU
		{A7931B34-F2A2-40A4-9413-2BE5EC98A9F9}.Debug|Any CPU.ActiveCfg = Debug|Any CPU
		{A7931B34-F2A2-40A4-9413-2BE5EC98A9F9}.Debug|Any CPU.Build.0 = Debug|Any CPU
		{A7931B34-F2A2-40A4-9413-2BE5EC98A9F9}.Debug|x64.ActiveCfg = Debug|Any CPU
		{A7931B34-F2A2-40A4-9413-2BE5EC98A9F9}.Debug|x64.Build.0 = Debug|Any CPU
		{A7931B34-F2A2-40A4-9413-2BE5EC98A9F9}.Debug|x86.ActiveCfg = Debug|Any CPU
		{A7931B34-F2A2-40A4-9413-2BE5EC98A9F9}.Debug|x86.Build.0 = Debug|Any CPU
		{A7931B34-F2A2-40A4-9413-2BE5EC98A9F9}.Release|Any CPU.ActiveCfg = Release|Any CPU
		{A7931B34-F2A2-40A4-9413-2BE5EC98A9F9}.Release|Any CPU.Build.0 = Release|Any CPU
		{A7931B34-F2A2-40A4-9413-2BE5EC98A9F9}.Release|x64.ActiveCfg = Release|Any CPU
		{A7931B34-F2A2-40A4-9413-2BE5EC98A9F9}.Release|x64.Build.0 = Release|Any CPU
		{A7931B34-F2A2-40A4-9413-2BE5EC98A9F9}.Release|x86.ActiveCfg = Release|Any CPU
		{A7931B34-F2A2-40A4-9413-2BE5EC98A9F9}.Release|x86.Build.0 = Release|Any CPU
		{1973F2D3-73D2-4B55-8341-4F925A5F89FF}.Debug|Any CPU.ActiveCfg = Debug|Any CPU
		{1973F2D3-73D2-4B55-8341-4F925A5F89FF}.Debug|Any CPU.Build.0 = Debug|Any CPU
		{1973F2D3-73D2-4B55-8341-4F925A5F89FF}.Debug|x64.ActiveCfg = Debug|Any CPU
		{1973F2D3-73D2-4B55-8341-4F925A5F89FF}.Debug|x64.Build.0 = Debug|Any CPU
		{1973F2D3-73D2-4B55-8341-4F925A5F89FF}.Debug|x86.ActiveCfg = Debug|Any CPU
		{1973F2D3-73D2-4B55-8341-4F925A5F89FF}.Debug|x86.Build.0 = Debug|Any CPU
		{1973F2D3-73D2-4B55-8341-4F925A5F89FF}.Release|Any CPU.ActiveCfg = Release|Any CPU
		{1973F2D3-73D2-4B55-8341-4F925A5F89FF}.Release|Any CPU.Build.0 = Release|Any CPU
		{1973F2D3-73D2-4B55-8341-4F925A5F89FF}.Release|x64.ActiveCfg = Release|Any CPU
		{1973F2D3-73D2-4B55-8341-4F925A5F89FF}.Release|x64.Build.0 = Release|Any CPU
		{1973F2D3-73D2-4B55-8341-4F925A5F89FF}.Release|x86.ActiveCfg = Release|Any CPU
		{1973F2D3-73D2-4B55-8341-4F925A5F89FF}.Release|x86.Build.0 = Release|Any CPU
		{99D7B2EF-70B0-4BEB-8BEB-33D1811606CA}.Debug|Any CPU.ActiveCfg = Debug|Any CPU
		{99D7B2EF-70B0-4BEB-8BEB-33D1811606CA}.Debug|Any CPU.Build.0 = Debug|Any CPU
		{99D7B2EF-70B0-4BEB-8BEB-33D1811606CA}.Debug|x64.ActiveCfg = Debug|Any CPU
		{99D7B2EF-70B0-4BEB-8BEB-33D1811606CA}.Debug|x64.Build.0 = Debug|Any CPU
		{99D7B2EF-70B0-4BEB-8BEB-33D1811606CA}.Debug|x86.ActiveCfg = Debug|Any CPU
		{99D7B2EF-70B0-4BEB-8BEB-33D1811606CA}.Debug|x86.Build.0 = Debug|Any CPU
		{99D7B2EF-70B0-4BEB-8BEB-33D1811606CA}.Release|Any CPU.ActiveCfg = Release|Any CPU
		{99D7B2EF-70B0-4BEB-8BEB-33D1811606CA}.Release|Any CPU.Build.0 = Release|Any CPU
		{99D7B2EF-70B0-4BEB-8BEB-33D1811606CA}.Release|x64.ActiveCfg = Release|Any CPU
		{99D7B2EF-70B0-4BEB-8BEB-33D1811606CA}.Release|x64.Build.0 = Release|Any CPU
		{99D7B2EF-70B0-4BEB-8BEB-33D1811606CA}.Release|x86.ActiveCfg = Release|Any CPU
		{99D7B2EF-70B0-4BEB-8BEB-33D1811606CA}.Release|x86.Build.0 = Release|Any CPU
		{17658321-A36F-4CC9-9E43-84D568208BD4}.Debug|Any CPU.ActiveCfg = Debug|Any CPU
		{17658321-A36F-4CC9-9E43-84D568208BD4}.Debug|Any CPU.Build.0 = Debug|Any CPU
		{17658321-A36F-4CC9-9E43-84D568208BD4}.Debug|x64.ActiveCfg = Debug|Any CPU
		{17658321-A36F-4CC9-9E43-84D568208BD4}.Debug|x64.Build.0 = Debug|Any CPU
		{17658321-A36F-4CC9-9E43-84D568208BD4}.Debug|x86.ActiveCfg = Debug|Any CPU
		{17658321-A36F-4CC9-9E43-84D568208BD4}.Debug|x86.Build.0 = Debug|Any CPU
		{17658321-A36F-4CC9-9E43-84D568208BD4}.Release|Any CPU.ActiveCfg = Release|Any CPU
		{17658321-A36F-4CC9-9E43-84D568208BD4}.Release|Any CPU.Build.0 = Release|Any CPU
		{17658321-A36F-4CC9-9E43-84D568208BD4}.Release|x64.ActiveCfg = Release|Any CPU
		{17658321-A36F-4CC9-9E43-84D568208BD4}.Release|x64.Build.0 = Release|Any CPU
		{17658321-A36F-4CC9-9E43-84D568208BD4}.Release|x86.ActiveCfg = Release|Any CPU
		{17658321-A36F-4CC9-9E43-84D568208BD4}.Release|x86.Build.0 = Release|Any CPU
		{E5BFC6B1-E101-4F03-9197-DF5E5723941C}.Debug|Any CPU.ActiveCfg = Debug|Any CPU
		{E5BFC6B1-E101-4F03-9197-DF5E5723941C}.Debug|Any CPU.Build.0 = Debug|Any CPU
		{E5BFC6B1-E101-4F03-9197-DF5E5723941C}.Debug|x64.ActiveCfg = Debug|Any CPU
		{E5BFC6B1-E101-4F03-9197-DF5E5723941C}.Debug|x64.Build.0 = Debug|Any CPU
		{E5BFC6B1-E101-4F03-9197-DF5E5723941C}.Debug|x86.ActiveCfg = Debug|Any CPU
		{E5BFC6B1-E101-4F03-9197-DF5E5723941C}.Debug|x86.Build.0 = Debug|Any CPU
		{E5BFC6B1-E101-4F03-9197-DF5E5723941C}.Release|Any CPU.ActiveCfg = Release|Any CPU
		{E5BFC6B1-E101-4F03-9197-DF5E5723941C}.Release|Any CPU.Build.0 = Release|Any CPU
		{E5BFC6B1-E101-4F03-9197-DF5E5723941C}.Release|x64.ActiveCfg = Release|Any CPU
		{E5BFC6B1-E101-4F03-9197-DF5E5723941C}.Release|x64.Build.0 = Release|Any CPU
		{E5BFC6B1-E101-4F03-9197-DF5E5723941C}.Release|x86.ActiveCfg = Release|Any CPU
		{E5BFC6B1-E101-4F03-9197-DF5E5723941C}.Release|x86.Build.0 = Release|Any CPU
		{1C294705-0C48-4A9F-B5D7-9110D3595F55}.Debug|Any CPU.ActiveCfg = Debug|Any CPU
		{1C294705-0C48-4A9F-B5D7-9110D3595F55}.Debug|Any CPU.Build.0 = Debug|Any CPU
		{1C294705-0C48-4A9F-B5D7-9110D3595F55}.Debug|x64.ActiveCfg = Debug|Any CPU
		{1C294705-0C48-4A9F-B5D7-9110D3595F55}.Debug|x64.Build.0 = Debug|Any CPU
		{1C294705-0C48-4A9F-B5D7-9110D3595F55}.Debug|x86.ActiveCfg = Debug|Any CPU
		{1C294705-0C48-4A9F-B5D7-9110D3595F55}.Debug|x86.Build.0 = Debug|Any CPU
		{1C294705-0C48-4A9F-B5D7-9110D3595F55}.Release|Any CPU.ActiveCfg = Release|Any CPU
		{1C294705-0C48-4A9F-B5D7-9110D3595F55}.Release|Any CPU.Build.0 = Release|Any CPU
		{1C294705-0C48-4A9F-B5D7-9110D3595F55}.Release|x64.ActiveCfg = Release|Any CPU
		{1C294705-0C48-4A9F-B5D7-9110D3595F55}.Release|x64.Build.0 = Release|Any CPU
		{1C294705-0C48-4A9F-B5D7-9110D3595F55}.Release|x86.ActiveCfg = Release|Any CPU
		{1C294705-0C48-4A9F-B5D7-9110D3595F55}.Release|x86.Build.0 = Release|Any CPU
		{2364A8E5-56C1-4A84-9509-6D3BE6C7E482}.Debug|Any CPU.ActiveCfg = Debug|Any CPU
		{2364A8E5-56C1-4A84-9509-6D3BE6C7E482}.Debug|Any CPU.Build.0 = Debug|Any CPU
		{2364A8E5-56C1-4A84-9509-6D3BE6C7E482}.Debug|x64.ActiveCfg = Debug|Any CPU
		{2364A8E5-56C1-4A84-9509-6D3BE6C7E482}.Debug|x64.Build.0 = Debug|Any CPU
		{2364A8E5-56C1-4A84-9509-6D3BE6C7E482}.Debug|x86.ActiveCfg = Debug|Any CPU
		{2364A8E5-56C1-4A84-9509-6D3BE6C7E482}.Debug|x86.Build.0 = Debug|Any CPU
		{2364A8E5-56C1-4A84-9509-6D3BE6C7E482}.Release|Any CPU.ActiveCfg = Release|Any CPU
		{2364A8E5-56C1-4A84-9509-6D3BE6C7E482}.Release|Any CPU.Build.0 = Release|Any CPU
		{2364A8E5-56C1-4A84-9509-6D3BE6C7E482}.Release|x64.ActiveCfg = Release|Any CPU
		{2364A8E5-56C1-4A84-9509-6D3BE6C7E482}.Release|x64.Build.0 = Release|Any CPU
		{2364A8E5-56C1-4A84-9509-6D3BE6C7E482}.Release|x86.ActiveCfg = Release|Any CPU
		{2364A8E5-56C1-4A84-9509-6D3BE6C7E482}.Release|x86.Build.0 = Release|Any CPU
	EndGlobalSection
	GlobalSection(SolutionProperties) = preSolution
		HideSolutionNode = FALSE
	EndGlobalSection
	GlobalSection(NestedProjects) = preSolution
		{59DEE1A6-1B0E-428F-8C57-0F7512F51A39} = {827E0CD3-B72D-47B6-A68D-7590B98EB39B}
		{8CC938DA-0151-408C-BEE1-1C40EC3B4D26} = {827E0CD3-B72D-47B6-A68D-7590B98EB39B}
		{49ED5CF8-92D9-4776-B53C-33C18FF406A7} = {827E0CD3-B72D-47B6-A68D-7590B98EB39B}
		{A7931B34-F2A2-40A4-9413-2BE5EC98A9F9} = {827E0CD3-B72D-47B6-A68D-7590B98EB39B}
		{1973F2D3-73D2-4B55-8341-4F925A5F89FF} = {827E0CD3-B72D-47B6-A68D-7590B98EB39B}
		{99D7B2EF-70B0-4BEB-8BEB-33D1811606CA} = {827E0CD3-B72D-47B6-A68D-7590B98EB39B}
		{17658321-A36F-4CC9-9E43-84D568208BD4} = {827E0CD3-B72D-47B6-A68D-7590B98EB39B}
		{E5BFC6B1-E101-4F03-9197-DF5E5723941C} = {827E0CD3-B72D-47B6-A68D-7590B98EB39B}
		{1C294705-0C48-4A9F-B5D7-9110D3595F55} = {0AB3BF05-4346-4AA6-1389-037BE0695223}
		{2364A8E5-56C1-4A84-9509-6D3BE6C7E482} = {0AB3BF05-4346-4AA6-1389-037BE0695223}
	EndGlobalSection
EndGlobal
